
Microsoft Visual Studio Solution File, Format Version 12.00
# Visual Studio Version 16
VisualStudioVersion = 16.0.29519.87
MinimumVisualStudioVersion = 10.0.40219.1
Project("{8BC9CEB8-8B4A-11D0-8D11-00A0C91BC942}") = "VariadicTemplates", "VariadicTemplates\VariadicTemplates.vcxproj", "{ED346126-309F-4261-A4D3-52AC5C9552BF}"
EndProject
Project("{8BC9CEB8-8B4A-11D0-8D11-00A0C91BC942}") = "SmallNewThings", "SmallNewThings\SmallNewThings.vcxproj", "{B716B52D-BE10-44FC-BFD2-A49B79CCA2A9}"
EndProject
Project("{2150E333-8FDC-42A3-9474-1A3956D46DE8}") = "Solution Items", "Solution Items", "{3BC2DF65-77B6-4B85-B385-65DF81A501BE}"
	ProjectSection(SolutionItems) = preProject
		README.md = README.md
	EndProjectSection
EndProject
Global
	GlobalSection(SolutionConfigurationPlatforms) = preSolution
		Debug|x64 = Debug|x64
		Debug|x86 = Debug|x86
		Release|x64 = Release|x64
		Release|x86 = Release|x86
	EndGlobalSection
	GlobalSection(ProjectConfigurationPlatforms) = postSolution
		{ED346126-309F-4261-A4D3-52AC5C9552BF}.Debug|x64.ActiveCfg = Debug|x64
		{ED346126-309F-4261-A4D3-52AC5C9552BF}.Debug|x64.Build.0 = Debug|x64
		{ED346126-309F-4261-A4D3-52AC5C9552BF}.Debug|x86.ActiveCfg = Debug|Win32
		{ED346126-309F-4261-A4D3-52AC5C9552BF}.Debug|x86.Build.0 = Debug|Win32
		{ED346126-309F-4261-A4D3-52AC5C9552BF}.Release|x64.ActiveCfg = Release|x64
		{ED346126-309F-4261-A4D3-52AC5C9552BF}.Release|x64.Build.0 = Release|x64
		{ED346126-309F-4261-A4D3-52AC5C9552BF}.Release|x86.ActiveCfg = Release|Win32
		{ED346126-309F-4261-A4D3-52AC5C9552BF}.Release|x86.Build.0 = Release|Win32
		{B716B52D-BE10-44FC-BFD2-A49B79CCA2A9}.Debug|x64.ActiveCfg = Debug|x64
		{B716B52D-BE10-44FC-BFD2-A49B79CCA2A9}.Debug|x64.Build.0 = Debug|x64
		{B716B52D-BE10-44FC-BFD2-A49B79CCA2A9}.Debug|x86.ActiveCfg = Debug|Win32
		{B716B52D-BE10-44FC-BFD2-A49B79CCA2A9}.Debug|x86.Build.0 = Debug|Win32
		{B716B52D-BE10-44FC-BFD2-A49B79CCA2A9}.Release|x64.ActiveCfg = Release|x64
		{B716B52D-BE10-44FC-BFD2-A49B79CCA2A9}.Release|x64.Build.0 = Release|x64
		{B716B52D-BE10-44FC-BFD2-A49B79CCA2A9}.Release|x86.ActiveCfg = Release|Win32
		{B716B52D-BE10-44FC-BFD2-A49B79CCA2A9}.Release|x86.Build.0 = Release|Win32
	EndGlobalSection
	GlobalSection(SolutionProperties) = preSolution
		HideSolutionNode = FALSE
	EndGlobalSection
	GlobalSection(ExtensibilityGlobals) = postSolution
		SolutionGuid = {47DDC327-B7F4-445F-AD8A-639E735EC9B4}
	EndGlobalSection
EndGlobal
