
Microsoft Visual Studio Solution File, Format Version 12.00
# Visual Studio 15
VisualStudioVersion = 15.0.28307.421
MinimumVisualStudioVersion = 10.0.40219.1
Project("{8BC9CEB8-8B4A-11D0-8D11-00A0C91BC942}") = "SHA1WithRSA", "SHA1WithRSA\SHA1WithRSA.vcxproj", "{502C8A2F-6639-49C8-B053-2A5DF1A23976}"
EndProject
Global
	GlobalSection(SolutionConfigurationPlatforms) = preSolution
		Debug|x64 = Debug|x64
		Debug|x86 = Debug|x86
		Release|x64 = Release|x64
		Release|x86 = Release|x86
	EndGlobalSection
	GlobalSection(ProjectConfigurationPlatforms) = postSolution
		{502C8A2F-6639-49C8-B053-2A5DF1A23976}.Debug|x64.ActiveCfg = Debug|x64
		{502C8A2F-6639-49C8-B053-2A5DF1A23976}.Debug|x64.Build.0 = Debug|x64
		{502C8A2F-6639-49C8-B053-2A5DF1A23976}.Debug|x86.ActiveCfg = Debug|Win32
		{502C8A2F-6639-49C8-B053-2A5DF1A23976}.Debug|x86.Build.0 = Debug|Win32
		{502C8A2F-6639-49C8-B053-2A5DF1A23976}.Release|x64.ActiveCfg = Release|x64
		{502C8A2F-6639-49C8-B053-2A5DF1A23976}.Release|x64.Build.0 = Release|x64
		{502C8A2F-6639-49C8-B053-2A5DF1A23976}.Release|x86.ActiveCfg = Release|Win32
		{502C8A2F-6639-49C8-B053-2A5DF1A23976}.Release|x86.Build.0 = Release|Win32
	EndGlobalSection
	GlobalSection(SolutionProperties) = preSolution
		HideSolutionNode = FALSE
	EndGlobalSection
	GlobalSection(ExtensibilityGlobals) = postSolution
		SolutionGuid = {49C2FDB2-7260-4E61-8E51-BA13E8A6304F}
	EndGlobalSection
EndGlobal
