
Microsoft Visual Studio Solution File, Format Version 12.00
# Visual Studio 15
VisualStudioVersion = 15.0.28307.421
MinimumVisualStudioVersion = 10.0.40219.1
Project("{8BC9CEB8-8B4A-11D0-8D11-00A0C91BC942}") = "libsecp256k1", "libsecp256k1\libsecp256k1.vcxproj", "{EA2B8D2A-62EE-401F-9801-C9E7DDD7B8C0}"
EndProject
Global
	GlobalSection(SolutionConfigurationPlatforms) = preSolution
		Debug|x64 = Debug|x64
		Debug|x86 = Debug|x86
		Release|x64 = Release|x64
		Release|x86 = Release|x86
	EndGlobalSection
	GlobalSection(ProjectConfigurationPlatforms) = postSolution
		{EA2B8D2A-62EE-401F-9801-C9E7DDD7B8C0}.Debug|x64.ActiveCfg = Debug|x64
		{EA2B8D2A-62EE-401F-9801-C9E7DDD7B8C0}.Debug|x64.Build.0 = Debug|x64
		{EA2B8D2A-62EE-401F-9801-C9E7DDD7B8C0}.Debug|x86.ActiveCfg = Debug|Win32
		{EA2B8D2A-62EE-401F-9801-C9E7DDD7B8C0}.Debug|x86.Build.0 = Debug|Win32
		{EA2B8D2A-62EE-401F-9801-C9E7DDD7B8C0}.Release|x64.ActiveCfg = Release|x64
		{EA2B8D2A-62EE-401F-9801-C9E7DDD7B8C0}.Release|x64.Build.0 = Release|x64
		{EA2B8D2A-62EE-401F-9801-C9E7DDD7B8C0}.Release|x86.ActiveCfg = Release|Win32
		{EA2B8D2A-62EE-401F-9801-C9E7DDD7B8C0}.Release|x86.Build.0 = Release|Win32
	EndGlobalSection
	GlobalSection(SolutionProperties) = preSolution
		HideSolutionNode = FALSE
	EndGlobalSection
	GlobalSection(ExtensibilityGlobals) = postSolution
		SolutionGuid = {D5C46EAA-DDC2-452B-B13C-E14F44DB773E}
	EndGlobalSection
EndGlobal
